
Microsoft Visual Studio Solution File, Format Version 12.00
# Visual Studio Version 17
VisualStudioVersion = 17.6.33815.320
MinimumVisualStudioVersion = 10.0.40219.1
Project("{FAE04EC0-301F-11D3-BF4B-00C04F79EFBC}") = "Assisted20", "Assisted20\Assisted20.csproj", "{871ED2BF-6040-4869-80ED-6CFED8DDAA8B}"
EndProject
Global
	GlobalSection(SolutionConfigurationPlatforms) = preSolution
		Debug|Any CPU = Debug|Any CPU
		Release|Any CPU = Release|Any CPU
	EndGlobalSection
	GlobalSection(ProjectConfigurationPlatforms) = postSolution
		{871ED2BF-6040-4869-80ED-6CFED8DDAA8B}.Debug|Any CPU.ActiveCfg = Debug|Any CPU
		{871ED2BF-6040-4869-80ED-6CFED8DDAA8B}.Debug|Any CPU.Build.0 = Debug|Any CPU
		{871ED2BF-6040-4869-80ED-6CFED8DDAA8B}.Release|Any CPU.ActiveCfg = Release|Any CPU
		{871ED2BF-6040-4869-80ED-6CFED8DDAA8B}.Release|Any CPU.Build.0 = Release|Any CPU
	EndGlobalSection
	GlobalSection(SolutionProperties) = preSolution
		HideSolutionNode = FALSE
	EndGlobalSection
	GlobalSection(ExtensibilityGlobals) = postSolution
		SolutionGuid = {6E15608A-6A5F-46FC-9B4D-3E17C5EEB363}
	EndGlobalSection
EndGlobal
